
Microsoft Visual Studio Solution File, Format Version 12.00
# Visual Studio Version 17
VisualStudioVersion = 17.14.36408.4 d17.14
MinimumVisualStudioVersion = 10.0.40219.1
Project("{FAE04EC0-301F-11D3-BF4B-00C04F79EFBC}") = "APIAgroCoreDados", "APIAgroCoreDados.csproj", "{2D09A855-CA1B-4A9E-9986-B3DE9C33F0E2}"
EndProject
Global
	GlobalSection(SolutionConfigurationPlatforms) = preSolution
		Debug|Any CPU = Debug|Any CPU
		Release|Any CPU = Release|Any CPU
	EndGlobalSection
	GlobalSection(ProjectConfigurationPlatforms) = postSolution
		{2D09A855-CA1B-4A9E-9986-B3DE9C33F0E2}.Debug|Any CPU.ActiveCfg = Debug|Any CPU
		{2D09A855-CA1B-4A9E-9986-B3DE9C33F0E2}.Debug|Any CPU.Build.0 = Debug|Any CPU
		{2D09A855-CA1B-4A9E-9986-B3DE9C33F0E2}.Release|Any CPU.ActiveCfg = Release|Any CPU
		{2D09A855-CA1B-4A9E-9986-B3DE9C33F0E2}.Release|Any CPU.Build.0 = Release|Any CPU
	EndGlobalSection
	GlobalSection(SolutionProperties) = preSolution
		HideSolutionNode = FALSE
	EndGlobalSection
	GlobalSection(ExtensibilityGlobals) = postSolution
		SolutionGuid = {0659C41F-D1A9-4FC2-9C0A-C2061844FE31}
	EndGlobalSection
EndGlobal
